
Microsoft Visual Studio Solution File, Format Version 12.00
# Visual Studio Version 17
VisualStudioVersion = 17.0.31919.166
MinimumVisualStudioVersion = 10.0.40219.1
Project("{FAE04EC0-301F-11D3-BF4B-00C04F79EFBC}") = "FinalProjectSpecflow", "FinalProjectSpecflow\FinalProjectSpecflow.csproj", "{AFC0C636-3FB9-4688-9DB5-68827FF2CCE2}"
EndProject
Global
	GlobalSection(SolutionConfigurationPlatforms) = preSolution
		Debug|Any CPU = Debug|Any CPU
		Release|Any CPU = Release|Any CPU
	EndGlobalSection
	GlobalSection(ProjectConfigurationPlatforms) = postSolution
		{AFC0C636-3FB9-4688-9DB5-68827FF2CCE2}.Debug|Any CPU.ActiveCfg = Debug|Any CPU
		{AFC0C636-3FB9-4688-9DB5-68827FF2CCE2}.Debug|Any CPU.Build.0 = Debug|Any CPU
		{AFC0C636-3FB9-4688-9DB5-68827FF2CCE2}.Release|Any CPU.ActiveCfg = Release|Any CPU
		{AFC0C636-3FB9-4688-9DB5-68827FF2CCE2}.Release|Any CPU.Build.0 = Release|Any CPU
	EndGlobalSection
	GlobalSection(SolutionProperties) = preSolution
		HideSolutionNode = FALSE
	EndGlobalSection
	GlobalSection(ExtensibilityGlobals) = postSolution
		SolutionGuid = {181F7788-21C1-4C70-AAC8-D1649ED4E4BE}
	EndGlobalSection
EndGlobal
